
Microsoft Visual Studio Solution File, Format Version 12.00
# Visual Studio Version 16
VisualStudioVersion = 16.0.31229.75
MinimumVisualStudioVersion = 10.0.40219.1
Project("{FAE04EC0-301F-11D3-BF4B-00C04F79EFBC}") = "4_ProjetoDeBancoByteBank", "4_ProjetoDeBancoByteBank\4_ProjetoDeBancoByteBank.csproj", "{C412624F-5735-4842-868E-77473618EFBC}"
EndProject
Global
	GlobalSection(SolutionConfigurationPlatforms) = preSolution
		Debug|Any CPU = Debug|Any CPU
		Release|Any CPU = Release|Any CPU
	EndGlobalSection
	GlobalSection(ProjectConfigurationPlatforms) = postSolution
		{C412624F-5735-4842-868E-77473618EFBC}.Debug|Any CPU.ActiveCfg = Debug|Any CPU
		{C412624F-5735-4842-868E-77473618EFBC}.Debug|Any CPU.Build.0 = Debug|Any CPU
		{C412624F-5735-4842-868E-77473618EFBC}.Release|Any CPU.ActiveCfg = Release|Any CPU
		{C412624F-5735-4842-868E-77473618EFBC}.Release|Any CPU.Build.0 = Release|Any CPU
	EndGlobalSection
	GlobalSection(SolutionProperties) = preSolution
		HideSolutionNode = FALSE
	EndGlobalSection
	GlobalSection(ExtensibilityGlobals) = postSolution
		SolutionGuid = {D510A81E-7514-41AD-90ED-60C5F4CF0DAF}
	EndGlobalSection
EndGlobal
