
Microsoft Visual Studio Solution File, Format Version 12.00
# Visual Studio Version 16
VisualStudioVersion = 16.0.31229.75
MinimumVisualStudioVersion = 10.0.40219.1
Project("{9A19103F-16F7-4668-BE54-9A1E7A4F7556}") = "ByteBankLib", "ByteBank.Models\ByteBankLib.csproj", "{817F391B-FDA7-425E-80B7-7A042D855153}"
EndProject
Project("{9A19103F-16F7-4668-BE54-9A1E7A4F7556}") = "ByteBankWebMVC", "ByteBankWebMVC\ByteBankWebMVC.csproj", "{61DFB88A-C4A3-4D26-8B71-E32554BDC640}"
EndProject
Global
	GlobalSection(SolutionConfigurationPlatforms) = preSolution
		Debug|Any CPU = Debug|Any CPU
		Release|Any CPU = Release|Any CPU
	EndGlobalSection
	GlobalSection(ProjectConfigurationPlatforms) = postSolution
		{817F391B-FDA7-425E-80B7-7A042D855153}.Debug|Any CPU.ActiveCfg = Debug|Any CPU
		{817F391B-FDA7-425E-80B7-7A042D855153}.Debug|Any CPU.Build.0 = Debug|Any CPU
		{817F391B-FDA7-425E-80B7-7A042D855153}.Release|Any CPU.ActiveCfg = Release|Any CPU
		{817F391B-FDA7-425E-80B7-7A042D855153}.Release|Any CPU.Build.0 = Release|Any CPU
		{61DFB88A-C4A3-4D26-8B71-E32554BDC640}.Debug|Any CPU.ActiveCfg = Debug|Any CPU
		{61DFB88A-C4A3-4D26-8B71-E32554BDC640}.Debug|Any CPU.Build.0 = Debug|Any CPU
		{61DFB88A-C4A3-4D26-8B71-E32554BDC640}.Release|Any CPU.ActiveCfg = Release|Any CPU
		{61DFB88A-C4A3-4D26-8B71-E32554BDC640}.Release|Any CPU.Build.0 = Release|Any CPU
	EndGlobalSection
	GlobalSection(SolutionProperties) = preSolution
		HideSolutionNode = FALSE
	EndGlobalSection
	GlobalSection(ExtensibilityGlobals) = postSolution
		SolutionGuid = {74B0F0A1-F424-492A-87BA-090CE6CDA91D}
	EndGlobalSection
EndGlobal
