
Microsoft Visual Studio Solution File, Format Version 12.00
# Visual Studio Version 17
VisualStudioVersion = 17.0.32112.339
MinimumVisualStudioVersion = 10.0.40219.1
Project("{FAE04EC0-301F-11D3-BF4B-00C04F79EFBC}") = "CinemaEcommerce.WebApp", "WebApplication1\CinemaEcommerce.WebApp.csproj", "{DD62F161-2358-4E5F-98B6-999797DDAEA1}"
EndProject
Project("{FAE04EC0-301F-11D3-BF4B-00C04F79EFBC}") = "CinemaEcommerce.Repository", "CinemaEcommerce.Repository\CinemaEcommerce.Repository.csproj", "{8C1C7F28-9945-45A6-8AAB-EC7A1D19494A}"
EndProject
Project("{FAE04EC0-301F-11D3-BF4B-00C04F79EFBC}") = "CinemaEcommerce.DataModels", "CinemaEcommerce.DataModels\CinemaEcommerce.DataModels.csproj", "{3DA22939-3C09-4E5F-8728-264C1DBA9020}"
EndProject
Global
	GlobalSection(SolutionConfigurationPlatforms) = preSolution
		Debug|Any CPU = Debug|Any CPU
		Release|Any CPU = Release|Any CPU
	EndGlobalSection
	GlobalSection(ProjectConfigurationPlatforms) = postSolution
		{DD62F161-2358-4E5F-98B6-999797DDAEA1}.Debug|Any CPU.ActiveCfg = Debug|Any CPU
		{DD62F161-2358-4E5F-98B6-999797DDAEA1}.Debug|Any CPU.Build.0 = Debug|Any CPU
		{DD62F161-2358-4E5F-98B6-999797DDAEA1}.Release|Any CPU.ActiveCfg = Release|Any CPU
		{DD62F161-2358-4E5F-98B6-999797DDAEA1}.Release|Any CPU.Build.0 = Release|Any CPU
		{8C1C7F28-9945-45A6-8AAB-EC7A1D19494A}.Debug|Any CPU.ActiveCfg = Debug|Any CPU
		{8C1C7F28-9945-45A6-8AAB-EC7A1D19494A}.Debug|Any CPU.Build.0 = Debug|Any CPU
		{8C1C7F28-9945-45A6-8AAB-EC7A1D19494A}.Release|Any CPU.ActiveCfg = Release|Any CPU
		{8C1C7F28-9945-45A6-8AAB-EC7A1D19494A}.Release|Any CPU.Build.0 = Release|Any CPU
		{3DA22939-3C09-4E5F-8728-264C1DBA9020}.Debug|Any CPU.ActiveCfg = Debug|Any CPU
		{3DA22939-3C09-4E5F-8728-264C1DBA9020}.Debug|Any CPU.Build.0 = Debug|Any CPU
		{3DA22939-3C09-4E5F-8728-264C1DBA9020}.Release|Any CPU.ActiveCfg = Release|Any CPU
		{3DA22939-3C09-4E5F-8728-264C1DBA9020}.Release|Any CPU.Build.0 = Release|Any CPU
	EndGlobalSection
	GlobalSection(SolutionProperties) = preSolution
		HideSolutionNode = FALSE
	EndGlobalSection
	GlobalSection(ExtensibilityGlobals) = postSolution
		SolutionGuid = {B7227D27-BA9A-4CAE-8C2F-59E8DDC4905F}
	EndGlobalSection
EndGlobal
